{
  "name": "your-project-name",
  "version": "1.0.0",
  "lockfileVersion": 3,
  "requires": true,
  "packages": {
    "": {
      "name": "your-project-name",
      "version": "1.0.0",
      "dependencies": {
        "react-syntax-highlighter": "15.6.1",
        "highlight.js": "10.7.3"
        // ...other dependencies exactly matching package.json
      }
    },
    "node_modules/react-syntax-highlighter": {
      "version": "15.6.1",
      "resolved": "https://registry.npmjs.org/react-syntax-highlighter/-/react-syntax-highlighter-15.6.1.tgz",
      "integrity": "sha512-...",
      "dependencies": {
        "highlight.js": "^10.7.3"
        // ...other subdependencies
      }
    },
    "node_modules/highlight.js": {
      "version": "10.7.3",
      "resolved": "https://registry.npmjs.org/highlight.js/-/highlight.js-10.7.3.tgz",
      "integrity": "sha512-...",
      // ...other lockfile fields for highlight.js
    }
    // ...all other dependencies and subdependencies resolved as per package.json
  },
  "dependencies": {
    "react-syntax-highlighter": {
      "version": "15.6.1",
      "resolved": "https://registry.npmjs.org/react-syntax-highlighter/-/react-syntax-highlighter-15.6.1.tgz",
      "integrity": "sha512-...",
      "requires": {
        "highlight.js": "^10.7.3"
      }
    },
    "highlight.js": {
      "version": "10.7.3",
      "resolved": "https://registry.npmjs.org/highlight.js/-/highlight.js-10.7.3.tgz",
      "integrity": "sha512-..."
    }
    // ...other dependencies from package.json resolved here
  }
  // ...rest of the lockfile content, fully synchronized with package.json
}
